{
  "name": "@neumatter/random-bytes",
  "version": "1.0.4",
  "lockfileVersion": 2,
  "requires": true,
  "packages": {
    "": {
      "name": "@neumatter/random-bytes",
      "version": "1.0.4",
      "dependencies": {
        "byteview": "^2.0.0"
      }
    },
    "node_modules/@neumatter/random-bytes": {
      "version": "1.0.3",
      "resolved": "https://registry.npmjs.org/@neumatter/random-bytes/-/random-bytes-1.0.3.tgz",
      "integrity": "sha512-Ppln2JVzl+NYNvIIG4OoqV4KVyLUS6gmJgy5w9lkEMDJ/h9Lj5x15ZCHnkyLOvNdWvNMmQe8TN8o17tINfIlmw==",
      "dependencies": {
        "byteview": "^1.0.9"
      }
    },
    "node_modules/@neumatter/random-bytes/node_modules/byteview": {
      "version": "1.0.12",
      "resolved": "https://registry.npmjs.org/byteview/-/byteview-1.0.12.tgz",
      "integrity": "sha512-pOxOp/hcYrHA9oRAiwXc7MJNYGm6Rv+QuARKA3a0/YsQq1eFjYc3JuXs0pOF/93OOVDhwuMuDoiHvVS75nQagw=="
    },
    "node_modules/byteview": {
      "version": "2.0.0",
      "resolved": "https://registry.npmjs.org/byteview/-/byteview-2.0.0.tgz",
      "integrity": "sha512-3CXkmmxoJVVVVpnSbNerdskl8CBsTjQe2FBzRQJXM49cVS42R0UYPG4dE273mkimLcDIkHerWKh1SLXp4fztYA==",
      "dependencies": {
        "@neumatter/random-bytes": "^1.0.3"
      }
    }
  },
  "dependencies": {
    "@neumatter/random-bytes": {
      "version": "1.0.3",
      "resolved": "https://registry.npmjs.org/@neumatter/random-bytes/-/random-bytes-1.0.3.tgz",
      "integrity": "sha512-Ppln2JVzl+NYNvIIG4OoqV4KVyLUS6gmJgy5w9lkEMDJ/h9Lj5x15ZCHnkyLOvNdWvNMmQe8TN8o17tINfIlmw==",
      "requires": {
        "byteview": "^1.0.9"
      },
      "dependencies": {
        "byteview": {
          "version": "1.0.12",
          "resolved": "https://registry.npmjs.org/byteview/-/byteview-1.0.12.tgz",
          "integrity": "sha512-pOxOp/hcYrHA9oRAiwXc7MJNYGm6Rv+QuARKA3a0/YsQq1eFjYc3JuXs0pOF/93OOVDhwuMuDoiHvVS75nQagw=="
        }
      }
    },
    "byteview": {
      "version": "2.0.0",
      "resolved": "https://registry.npmjs.org/byteview/-/byteview-2.0.0.tgz",
      "integrity": "sha512-3CXkmmxoJVVVVpnSbNerdskl8CBsTjQe2FBzRQJXM49cVS42R0UYPG4dE273mkimLcDIkHerWKh1SLXp4fztYA==",
      "requires": {
        "@neumatter/random-bytes": "^1.0.3"
      }
    }
  }
}
